
Microsoft Visual Studio Solution File, Format Version 12.00
# Visual Studio Version 17
VisualStudioVersion = 17.0.31903.59
MinimumVisualStudioVersion = 10.0.40219.1
Project("{FAE04EC0-301F-11D3-BF4B-00C04F79EFBC}") = "NumericalIntegration", "NumericalIntegration\NumericalIntegration.csproj", "{7FBBA67F-53D9-48A8-A52D-2073C1AAC9C2}"
EndProject
Global
	GlobalSection(SolutionConfigurationPlatforms) = preSolution
		Debug|Any CPU = Debug|Any CPU
		Release|Any CPU = Release|Any CPU
	EndGlobalSection
	GlobalSection(ProjectConfigurationPlatforms) = postSolution
		{7FBBA67F-53D9-48A8-A52D-2073C1AAC9C2}.Debug|Any CPU.ActiveCfg = Debug|Any CPU
		{7FBBA67F-53D9-48A8-A52D-2073C1AAC9C2}.Debug|Any CPU.Build.0 = Debug|Any CPU
		{7FBBA67F-53D9-48A8-A52D-2073C1AAC9C2}.Release|Any CPU.ActiveCfg = Release|Any CPU
		{7FBBA67F-53D9-48A8-A52D-2073C1AAC9C2}.Release|Any CPU.Build.0 = Release|Any CPU
	EndGlobalSection
	GlobalSection(SolutionProperties) = preSolution
		HideSolutionNode = FALSE
	EndGlobalSection
	GlobalSection(ExtensibilityGlobals) = postSolution
		SolutionGuid = {2E1AED62-0ABA-4426-9C3E-0C3022381ECD}
	EndGlobalSection
EndGlobal
